lockfileVersion: '9.0'

settings:
  autoInstallPeers: true
  excludeLinksFromLockfile: false

importers:

  .:
    devDependencies:
      '@biomejs/biome':
        specifier: ^2.1.1
        version: 2.1.1
      '@tsconfig/node20':
        specifier: ^20.1.6
        version: 20.1.6
      '@tsconfig/strictest':
        specifier: ^2.0.5
        version: 2.0.5
      dprint:
        specifier: ^0.50.1
        version: 0.50.1
      husky:
        specifier: ^9.1.7
        version: 9.1.7
      sort-package-json:
        specifier: ^3.4.0
        version: 3.4.0
      typescript:
        specifier: ^5.8.3
        version: 5.8.3

packages:

  '@biomejs/biome@2.1.1':
    resolution: {integrity: sha512-HFGYkxG714KzG+8tvtXCJ1t1qXQMzgWzfvQaUjxN6UeKv+KvMEuliInnbZLJm6DXFXwqVi6446EGI0sGBLIYng==}
    engines: {node: '>=14.21.3'}
    hasBin: true

  '@biomejs/cli-darwin-arm64@2.1.1':
    resolution: {integrity: sha512-2Muinu5ok4tWxq4nu5l19el48cwCY/vzvI7Vjbkf3CYIQkjxZLyj0Ad37Jv2OtlXYaLvv+Sfu1hFeXt/JwRRXQ==}
    engines: {node: '>=14.21.3'}
    cpu: [arm64]
    os: [darwin]

  '@biomejs/cli-darwin-x64@2.1.1':
    resolution: {integrity: sha512-cC8HM5lrgKQXLAK+6Iz2FrYW5A62pAAX6KAnRlEyLb+Q3+Kr6ur/sSuoIacqlp1yvmjHJqjYfZjPvHWnqxoEIA==}
    engines: {node: '>=14.21.3'}
    cpu: [x64]
    os: [darwin]

  '@biomejs/cli-linux-arm64-musl@2.1.1':
    resolution: {integrity: sha512-/7FBLnTswu4jgV9ttI3AMIdDGqVEPIZd8I5u2D4tfCoj8rl9dnjrEQbAIDlWhUXdyWlFSz8JypH3swU9h9P+2A==}
    engines: {node: '>=14.21.3'}
    cpu: [arm64]
    os: [linux]

  '@biomejs/cli-linux-arm64@2.1.1':
    resolution: {integrity: sha512-tw4BEbhAUkWPe4WBr6IX04DJo+2jz5qpPzpW/SWvqMjb9QuHY8+J0M23V8EPY/zWU4IG8Ui0XESapR1CB49Q7g==}
    engines: {node: '>=14.21.3'}
    cpu: [arm64]
    os: [linux]

  '@biomejs/cli-linux-x64-musl@2.1.1':
    resolution: {integrity: sha512-kUu+loNI3OCD2c12cUt7M5yaaSjDnGIksZwKnueubX6c/HWUyi/0mPbTBHR49Me3F0KKjWiKM+ZOjsmC+lUt9g==}
    engines: {node: '>=14.21.3'}
    cpu: [x64]
    os: [linux]

  '@biomejs/cli-linux-x64@2.1.1':
    resolution: {integrity: sha512-3WJ1GKjU7NzZb6RTbwLB59v9cTIlzjbiFLDB0z4376TkDqoNYilJaC37IomCr/aXwuU8QKkrYoHrgpSq5ffJ4Q==}
    engines: {node: '>=14.21.3'}
    cpu: [x64]
    os: [linux]

  '@biomejs/cli-win32-arm64@2.1.1':
    resolution: {integrity: sha512-vEHK0v0oW+E6RUWLoxb2isI3rZo57OX9ZNyyGH701fZPj6Il0Rn1f5DMNyCmyflMwTnIQstEbs7n2BxYSqQx4Q==}
    engines: {node: '>=14.21.3'}
    cpu: [arm64]
    os: [win32]

  '@biomejs/cli-win32-x64@2.1.1':
    resolution: {integrity: sha512-i2PKdn70kY++KEF/zkQFvQfX1e8SkA8hq4BgC+yE9dZqyLzB/XStY2MvwI3qswlRgnGpgncgqe0QYKVS1blksg==}
    engines: {node: '>=14.21.3'}
    cpu: [x64]
    os: [win32]

  '@dprint/darwin-arm64@0.50.1':
    resolution: {integrity: sha512-NNKf3dxXn567pd/hpCVLHLbC0dI7s3YvQnUEwjRTOAQVMp6O7/ME+Tg1RPGsDP1IB+Y2fIYSM4qmG02zQrqjAQ==}
    cpu: [arm64]
    os: [darwin]

  '@dprint/darwin-x64@0.50.1':
    resolution: {integrity: sha512-PcY75U3UC/0CLOxWzE0zZJZ2PxzUM5AX2baYL1ovgDGCfqO1H0hINiyxfx/8ncGgPojWBkLs+zrcFiGnXx7BQg==}
    cpu: [x64]
    os: [darwin]

  '@dprint/linux-arm64-glibc@0.50.1':
    resolution: {integrity: sha512-q0TOGy9FsoSKsEQ4sIMKyFweF5M8rW1S5OfwJDNRR2TU2riWByU9TKYIZUzg53iuwYKRypr/kJ5kdbl516afRQ==}
    cpu: [arm64]
    os: [linux]

  '@dprint/linux-arm64-musl@0.50.1':
    resolution: {integrity: sha512-XRtxN2cA9rc06WFzzVPDIZYGGLmUXqpVf3F0XhhHV77ikQLJZ5reF4xBOQ+0HjJ/zy8W/HzuGDAHedWyCrRf9g==}
    cpu: [arm64]
    os: [linux]

  '@dprint/linux-riscv64-glibc@0.50.1':
    resolution: {integrity: sha512-vAk/eYhSjA3LJ/yuYgxkHamiK8+m6YdqVBO/Ka+i16VxyjQyOdcMKBkrLCIqSxgyXd6b8raf9wM59HJbaIpoOg==}
    cpu: [riscv64]
    os: [linux]

  '@dprint/linux-x64-glibc@0.50.1':
    resolution: {integrity: sha512-EpW5KLekaq4hXmKBWWtfBgZ244S4C+vFmMOd1YaGi8+f0hmPTJzVWLdIgpO2ZwfPQ5iycaVI/JS514PQmXPOvg==}
    cpu: [x64]
    os: [linux]

  '@dprint/linux-x64-musl@0.50.1':
    resolution: {integrity: sha512-assISBbaKKL8LkjrIy/5tpE157MVW6HbyIKAjTtg3tPNM3lDn1oH3twuGtK9WBsN/VoEP3QMZVauolcUJT/VOg==}
    cpu: [x64]
    os: [linux]

  '@dprint/win32-arm64@0.50.1':
    resolution: {integrity: sha512-ZeaRMQYoFjrsO3lvI1SqzDWDGH1GGXWmNSeXvcFuAf2OgYQJWMBlLotCKiHNJ3uyYneoyhTg2tv9QkApNkZV4Q==}
    cpu: [arm64]
    os: [win32]

  '@dprint/win32-x64@0.50.1':
    resolution: {integrity: sha512-pMm8l/hRZ9zYylKw/yCaYkSV3btYB9UyMDbWqyxNthkQ1gckWrk17VTI6WjwwQuHD4Iaz5JgAYLS36hlUzWkxA==}
    cpu: [x64]
    os: [win32]

  '@tsconfig/node20@20.1.6':
    resolution: {integrity: sha512-sz+Hqx9zwZDpZIV871WSbUzSqNIsXzghZydypnfgzPKLltVJfkINfUeTct31n/tTSa9ZE1ZOfKdRre1uHHquYQ==}

  '@tsconfig/strictest@2.0.5':
    resolution: {integrity: sha512-ec4tjL2Rr0pkZ5hww65c+EEPYwxOi4Ryv+0MtjeaSQRJyq322Q27eOQiFbuNgw2hpL4hB1/W/HBGk3VKS43osg==}

  detect-indent@7.0.1:
    resolution: {integrity: sha512-Mc7QhQ8s+cLrnUfU/Ji94vG/r8M26m8f++vyres4ZoojaRDpZ1eSIh/EpzLNwlWuvzSZ3UbDFspjFvTDXe6e/g==}
    engines: {node: '>=12.20'}

  detect-newline@4.0.1:
    resolution: {integrity: sha512-qE3Veg1YXzGHQhlA6jzebZN2qVf6NX+A7m7qlhCGG30dJixrAQhYOsJjsnBjJkCSmuOPpCk30145fr8FV0bzog==}
    engines: {node: ^12.20.0 || ^14.13.1 || >=16.0.0}

  dprint@0.50.1:
    resolution: {integrity: sha512-s+kUyQp2rGpwsM3vVmXySOY3v1NjYyRpKfQZdP4rfNTz6zQuICSO6nqIXNm3YdK1MwNFR/EXSFMuE1YPuulhow==}
    hasBin: true

  fdir@6.4.6:
    resolution: {integrity: sha512-hiFoqpyZcfNm1yc4u8oWCf9A2c4D3QjCrks3zmoVKVxpQRzmPNar1hUJcBG2RQHvEVGDN+Jm81ZheVLAQMK6+w==}
    peerDependencies:
      picomatch: ^3 || ^4
    peerDependenciesMeta:
      picomatch:
        optional: true

  git-hooks-list@4.1.1:
    resolution: {integrity: sha512-cmP497iLq54AZnv4YRAEMnEyQ1eIn4tGKbmswqwmFV4GBnAqE8NLtWxxdXa++AalfgL5EBH4IxTPyquEuGY/jA==}

  husky@9.1.7:
    resolution: {integrity: sha512-5gs5ytaNjBrh5Ow3zrvdUUY+0VxIuWVL4i9irt6friV+BqdCfmV11CQTWMiBYWHbXhco+J1kHfTOUkePhCDvMA==}
    engines: {node: '>=18'}
    hasBin: true

  is-plain-obj@4.1.0:
    resolution: {integrity: sha512-+Pgi+vMuUNkJyExiMBt5IlFoMyKnr5zhJ4Uspz58WOhBF5QoIZkFyNHIbBAtHwzVAgk5RtndVNsDRN61/mmDqg==}
    engines: {node: '>=12'}

  picomatch@4.0.2:
    resolution: {integrity: sha512-M7BAV6Rlcy5u+m6oPhAPFgJTzAioX/6B0DxyvDlo9l8+T3nLKbrczg2WLUyzd45L8RqfUMyGPzekbMvX2Ldkwg==}
    engines: {node: '>=12'}

  semver@7.7.2:
    resolution: {integrity: sha512-RF0Fw+rO5AMf9MAyaRXI4AV0Ulj5lMHqVxxdSgiVbixSCXoEmmX/jk0CuJw4+3SqroYO9VoUh+HcuJivvtJemA==}
    engines: {node: '>=10'}
    hasBin: true

  sort-object-keys@1.1.3:
    resolution: {integrity: sha512-855pvK+VkU7PaKYPc+Jjnmt4EzejQHyhhF33q31qG8x7maDzkeFhAAThdCYay11CISO+qAMwjOBP+fPZe0IPyg==}

  sort-package-json@3.4.0:
    resolution: {integrity: sha512-97oFRRMM2/Js4oEA9LJhjyMlde+2ewpZQf53pgue27UkbEXfHJnDzHlUxQ/DWUkzqmp7DFwJp8D+wi/TYeQhpA==}
    engines: {node: '>=20'}
    hasBin: true

  tinyglobby@0.2.14:
    resolution: {integrity: sha512-tX5e7OM1HnYr2+a2C/4V0htOcSQcoSTH9KgJnVvNm5zm/cyEWKJ7j7YutsH9CxMdtOkkLFy2AHrMci9IM8IPZQ==}
    engines: {node: '>=12.0.0'}

  typescript@5.8.3:
    resolution: {integrity: sha512-p1diW6TqL9L07nNxvRMM7hMMw4c5XOo/1ibL4aAIGmSAt9slTE1Xgw5KWuof2uTOvCg9BY7ZRi+GaF+7sfgPeQ==}
    engines: {node: '>=14.17'}
    hasBin: true

snapshots:

  '@biomejs/biome@2.1.1':
    optionalDependencies:
      '@biomejs/cli-darwin-arm64': 2.1.1
      '@biomejs/cli-darwin-x64': 2.1.1
      '@biomejs/cli-linux-arm64': 2.1.1
      '@biomejs/cli-linux-arm64-musl': 2.1.1
      '@biomejs/cli-linux-x64': 2.1.1
      '@biomejs/cli-linux-x64-musl': 2.1.1
      '@biomejs/cli-win32-arm64': 2.1.1
      '@biomejs/cli-win32-x64': 2.1.1

  '@biomejs/cli-darwin-arm64@2.1.1':
    optional: true

  '@biomejs/cli-darwin-x64@2.1.1':
    optional: true

  '@biomejs/cli-linux-arm64-musl@2.1.1':
    optional: true

  '@biomejs/cli-linux-arm64@2.1.1':
    optional: true

  '@biomejs/cli-linux-x64-musl@2.1.1':
    optional: true

  '@biomejs/cli-linux-x64@2.1.1':
    optional: true

  '@biomejs/cli-win32-arm64@2.1.1':
    optional: true

  '@biomejs/cli-win32-x64@2.1.1':
    optional: true

  '@dprint/darwin-arm64@0.50.1':
    optional: true

  '@dprint/darwin-x64@0.50.1':
    optional: true

  '@dprint/linux-arm64-glibc@0.50.1':
    optional: true

  '@dprint/linux-arm64-musl@0.50.1':
    optional: true

  '@dprint/linux-riscv64-glibc@0.50.1':
    optional: true

  '@dprint/linux-x64-glibc@0.50.1':
    optional: true

  '@dprint/linux-x64-musl@0.50.1':
    optional: true

  '@dprint/win32-arm64@0.50.1':
    optional: true

  '@dprint/win32-x64@0.50.1':
    optional: true

  '@tsconfig/node20@20.1.6': {}

  '@tsconfig/strictest@2.0.5': {}

  detect-indent@7.0.1: {}

  detect-newline@4.0.1: {}

  dprint@0.50.1:
    optionalDependencies:
      '@dprint/darwin-arm64': 0.50.1
      '@dprint/darwin-x64': 0.50.1
      '@dprint/linux-arm64-glibc': 0.50.1
      '@dprint/linux-arm64-musl': 0.50.1
      '@dprint/linux-riscv64-glibc': 0.50.1
      '@dprint/linux-x64-glibc': 0.50.1
      '@dprint/linux-x64-musl': 0.50.1
      '@dprint/win32-arm64': 0.50.1
      '@dprint/win32-x64': 0.50.1

  fdir@6.4.6(picomatch@4.0.2):
    optionalDependencies:
      picomatch: 4.0.2

  git-hooks-list@4.1.1: {}

  husky@9.1.7: {}

  is-plain-obj@4.1.0: {}

  picomatch@4.0.2: {}

  semver@7.7.2: {}

  sort-object-keys@1.1.3: {}

  sort-package-json@3.4.0:
    dependencies:
      detect-indent: 7.0.1
      detect-newline: 4.0.1
      git-hooks-list: 4.1.1
      is-plain-obj: 4.1.0
      semver: 7.7.2
      sort-object-keys: 1.1.3
      tinyglobby: 0.2.14

  tinyglobby@0.2.14:
    dependencies:
      fdir: 6.4.6(picomatch@4.0.2)
      picomatch: 4.0.2

  typescript@5.8.3: {}
